
Microsoft Visual Studio Solution File, Format Version 12.00
# Visual Studio Version 17
VisualStudioVersion = 17.6.33717.318
MinimumVisualStudioVersion = 10.0.40219.1
Project("{FAE04EC0-301F-11D3-BF4B-00C04F79EFBC}") = "Kata.CodeWars.TakeTenMinutesWalk", "Kata.CodeWars.TakeTenMinutesWalk\Kata.CodeWars.TakeTenMinutesWalk.csproj", "{6A7E7CC5-AE2B-4131-B790-B7DB66780584}"
EndProject
Project("{FAE04EC0-301F-11D3-BF4B-00C04F79EFBC}") = "Kata.CodeWars.TakeTenMinutesWalk.Test", "Kata.CodeWars.TakeTenMinutesWalk.Test\Kata.CodeWars.TakeTenMinutesWalk.Test.csproj", "{9C180310-EF41-4EC0-A0A7-363DD5FC7675}"
EndProject
Project("{2150E333-8FDC-42A3-9474-1A3956D46DE8}") = "Solution Items", "Solution Items", "{25FD2B90-4C14-402D-969C-9741352E1B65}"
	ProjectSection(SolutionItems) = preProject
		README.md = README.md
	EndProjectSection
EndProject
Global
	GlobalSection(SolutionConfigurationPlatforms) = preSolution
		Debug|Any CPU = Debug|Any CPU
		Release|Any CPU = Release|Any CPU
	EndGlobalSection
	GlobalSection(ProjectConfigurationPlatforms) = postSolution
		{6A7E7CC5-AE2B-4131-B790-B7DB66780584}.Debug|Any CPU.ActiveCfg = Debug|Any CPU
		{6A7E7CC5-AE2B-4131-B790-B7DB66780584}.Debug|Any CPU.Build.0 = Debug|Any CPU
		{6A7E7CC5-AE2B-4131-B790-B7DB66780584}.Release|Any CPU.ActiveCfg = Release|Any CPU
		{6A7E7CC5-AE2B-4131-B790-B7DB66780584}.Release|Any CPU.Build.0 = Release|Any CPU
		{9C180310-EF41-4EC0-A0A7-363DD5FC7675}.Debug|Any CPU.ActiveCfg = Debug|Any CPU
		{9C180310-EF41-4EC0-A0A7-363DD5FC7675}.Debug|Any CPU.Build.0 = Debug|Any CPU
		{9C180310-EF41-4EC0-A0A7-363DD5FC7675}.Release|Any CPU.ActiveCfg = Release|Any CPU
		{9C180310-EF41-4EC0-A0A7-363DD5FC7675}.Release|Any CPU.Build.0 = Release|Any CPU
	EndGlobalSection
	GlobalSection(SolutionProperties) = preSolution
		HideSolutionNode = FALSE
	EndGlobalSection
	GlobalSection(ExtensibilityGlobals) = postSolution
		SolutionGuid = {8C7AB51C-6948-4737-B576-700D7460B2FE}
	EndGlobalSection
EndGlobal
